
Microsoft Visual Studio Solution File, Format Version 12.00
# Visual Studio 15
VisualStudioVersion = 15.0.27703.2042
MinimumVisualStudioVersion = 10.0.40219.1
Project("{00D1A9C2-B5F0-4AF3-8072-F6C62B433612}") = "PeopleProDatabase", "PeopleProDatabase\PeopleProDatabase.sqlproj", "{DAFFDD97-5E22-44FF-AAD9-EAB0157D6D27}"
EndProject
Global
	GlobalSection(SolutionConfigurationPlatforms) = preSolution
		Debug|Any CPU = Debug|Any CPU
		Release|Any CPU = Release|Any CPU
	EndGlobalSection
	GlobalSection(ProjectConfigurationPlatforms) = postSolution
		{DAFFDD97-5E22-44FF-AAD9-EAB0157D6D27}.Debug|Any CPU.ActiveCfg = Debug|Any CPU
		{DAFFDD97-5E22-44FF-AAD9-EAB0157D6D27}.Debug|Any CPU.Build.0 = Debug|Any CPU
		{DAFFDD97-5E22-44FF-AAD9-EAB0157D6D27}.Debug|Any CPU.Deploy.0 = Debug|Any CPU
		{DAFFDD97-5E22-44FF-AAD9-EAB0157D6D27}.Release|Any CPU.ActiveCfg = Release|Any CPU
		{DAFFDD97-5E22-44FF-AAD9-EAB0157D6D27}.Release|Any CPU.Build.0 = Release|Any CPU
		{DAFFDD97-5E22-44FF-AAD9-EAB0157D6D27}.Release|Any CPU.Deploy.0 = Release|Any CPU
	EndGlobalSection
	GlobalSection(SolutionProperties) = preSolution
		HideSolutionNode = FALSE
	EndGlobalSection
	GlobalSection(ExtensibilityGlobals) = postSolution
		SolutionGuid = {3DACD2BB-F764-46CF-8B2D-E0D621ED2BED}
	EndGlobalSection
EndGlobal
