
Microsoft Visual Studio Solution File, Format Version 12.00
# Visual Studio 15
VisualStudioVersion = 15.0.26124.0
MinimumVisualStudioVersion = 15.0.26124.0
Project("{FAE04EC0-301F-11D3-BF4B-00C04F79EFBC}") = "PrimeService", "PrimeService\PrimeService.csproj", "{2B0D1CCD-9207-4ACC-BA20-D7E4C294D99D}"
EndProject
Project("{FAE04EC0-301F-11D3-BF4B-00C04F79EFBC}") = "PrimeService.Tests", "PrimeService.Tests\PrimeService.Tests.csproj", "{B4485332-C2F3-4231-B329-B57BD962329D}"
EndProject
Global
	GlobalSection(SolutionConfigurationPlatforms) = preSolution
		Debug|Any CPU = Debug|Any CPU
		Debug|x64 = Debug|x64
		Debug|x86 = Debug|x86
		Release|Any CPU = Release|Any CPU
		Release|x64 = Release|x64
		Release|x86 = Release|x86
	EndGlobalSection
	GlobalSection(SolutionProperties) = preSolution
		HideSolutionNode = FALSE
	EndGlobalSection
	GlobalSection(ProjectConfigurationPlatforms) = postSolution
		{2B0D1CCD-9207-4ACC-BA20-D7E4C294D99D}.Debug|Any CPU.ActiveCfg = Debug|Any CPU
		{2B0D1CCD-9207-4ACC-BA20-D7E4C294D99D}.Debug|Any CPU.Build.0 = Debug|Any CPU
		{2B0D1CCD-9207-4ACC-BA20-D7E4C294D99D}.Debug|x64.ActiveCfg = Debug|Any CPU
		{2B0D1CCD-9207-4ACC-BA20-D7E4C294D99D}.Debug|x64.Build.0 = Debug|Any CPU
		{2B0D1CCD-9207-4ACC-BA20-D7E4C294D99D}.Debug|x86.ActiveCfg = Debug|Any CPU
		{2B0D1CCD-9207-4ACC-BA20-D7E4C294D99D}.Debug|x86.Build.0 = Debug|Any CPU
		{2B0D1CCD-9207-4ACC-BA20-D7E4C294D99D}.Release|Any CPU.ActiveCfg = Release|Any CPU
		{2B0D1CCD-9207-4ACC-BA20-D7E4C294D99D}.Release|Any CPU.Build.0 = Release|Any CPU
		{2B0D1CCD-9207-4ACC-BA20-D7E4C294D99D}.Release|x64.ActiveCfg = Release|Any CPU
		{2B0D1CCD-9207-4ACC-BA20-D7E4C294D99D}.Release|x64.Build.0 = Release|Any CPU
		{2B0D1CCD-9207-4ACC-BA20-D7E4C294D99D}.Release|x86.ActiveCfg = Release|Any CPU
		{2B0D1CCD-9207-4ACC-BA20-D7E4C294D99D}.Release|x86.Build.0 = Release|Any CPU
		{B4485332-C2F3-4231-B329-B57BD962329D}.Debug|Any CPU.ActiveCfg = Debug|Any CPU
		{B4485332-C2F3-4231-B329-B57BD962329D}.Debug|Any CPU.Build.0 = Debug|Any CPU
		{B4485332-C2F3-4231-B329-B57BD962329D}.Debug|x64.ActiveCfg = Debug|Any CPU
		{B4485332-C2F3-4231-B329-B57BD962329D}.Debug|x64.Build.0 = Debug|Any CPU
		{B4485332-C2F3-4231-B329-B57BD962329D}.Debug|x86.ActiveCfg = Debug|Any CPU
		{B4485332-C2F3-4231-B329-B57BD962329D}.Debug|x86.Build.0 = Debug|Any CPU
		{B4485332-C2F3-4231-B329-B57BD962329D}.Release|Any CPU.ActiveCfg = Release|Any CPU
		{B4485332-C2F3-4231-B329-B57BD962329D}.Release|Any CPU.Build.0 = Release|Any CPU
		{B4485332-C2F3-4231-B329-B57BD962329D}.Release|x64.ActiveCfg = Release|Any CPU
		{B4485332-C2F3-4231-B329-B57BD962329D}.Release|x64.Build.0 = Release|Any CPU
		{B4485332-C2F3-4231-B329-B57BD962329D}.Release|x86.ActiveCfg = Release|Any CPU
		{B4485332-C2F3-4231-B329-B57BD962329D}.Release|x86.Build.0 = Release|Any CPU
	EndGlobalSection
EndGlobal
