
Microsoft Visual Studio Solution File, Format Version 12.00
# Visual Studio 15
VisualStudioVersion = 15.0.28010.2026
MinimumVisualStudioVersion = 10.0.40219.1
Project("{FAE04EC0-301F-11D3-BF4B-00C04F79EFBC}") = "PeopleProTraining", "PeopleProTraining\PeopleProTraining.csproj", "{5571347E-5899-4472-9B26-4F19778302F9}"
EndProject
Project("{FAE04EC0-301F-11D3-BF4B-00C04F79EFBC}") = "PeopleProTraining.Dal", "PeopleProTraining.Dal\PeopleProTraining.Dal.csproj", "{5D101C0E-0749-4F64-807F-696B03800D9A}"
EndProject
Project("{FAE04EC0-301F-11D3-BF4B-00C04F79EFBC}") = "PeopleProTraining.Core", "PeopleProTraining.Core\PeopleProTraining.Core.csproj", "{5435FDD8-FA28-4307-BEFF-019DDF8C3397}"
EndProject
Project("{00D1A9C2-B5F0-4AF3-8072-F6C62B433612}") = "PeopleProData", "..\PeopleProData\PeopleProData\PeopleProData.sqlproj", "{40666A4A-CA12-4543-9115-BA7ACE772959}"
EndProject
Project("{FAE04EC0-301F-11D3-BF4B-00C04F79EFBC}") = "PeopleProTrainingTests", "PeopleProTrainingTests\PeopleProTrainingTests.csproj", "{3BAE6F18-8C3A-414B-8AE2-D12166F17298}"
EndProject
Global
	GlobalSection(SolutionConfigurationPlatforms) = preSolution
		Debug|Any CPU = Debug|Any CPU
		Release|Any CPU = Release|Any CPU
	EndGlobalSection
	GlobalSection(ProjectConfigurationPlatforms) = postSolution
		{5571347E-5899-4472-9B26-4F19778302F9}.Debug|Any CPU.ActiveCfg = Debug|Any CPU
		{5571347E-5899-4472-9B26-4F19778302F9}.Debug|Any CPU.Build.0 = Debug|Any CPU
		{5571347E-5899-4472-9B26-4F19778302F9}.Release|Any CPU.ActiveCfg = Release|Any CPU
		{5571347E-5899-4472-9B26-4F19778302F9}.Release|Any CPU.Build.0 = Release|Any CPU
		{5D101C0E-0749-4F64-807F-696B03800D9A}.Debug|Any CPU.ActiveCfg = Debug|Any CPU
		{5D101C0E-0749-4F64-807F-696B03800D9A}.Debug|Any CPU.Build.0 = Debug|Any CPU
		{5D101C0E-0749-4F64-807F-696B03800D9A}.Release|Any CPU.ActiveCfg = Release|Any CPU
		{5D101C0E-0749-4F64-807F-696B03800D9A}.Release|Any CPU.Build.0 = Release|Any CPU
		{5435FDD8-FA28-4307-BEFF-019DDF8C3397}.Debug|Any CPU.ActiveCfg = Debug|Any CPU
		{5435FDD8-FA28-4307-BEFF-019DDF8C3397}.Debug|Any CPU.Build.0 = Debug|Any CPU
		{5435FDD8-FA28-4307-BEFF-019DDF8C3397}.Release|Any CPU.ActiveCfg = Release|Any CPU
		{5435FDD8-FA28-4307-BEFF-019DDF8C3397}.Release|Any CPU.Build.0 = Release|Any CPU
		{40666A4A-CA12-4543-9115-BA7ACE772959}.Debug|Any CPU.ActiveCfg = Debug|Any CPU
		{40666A4A-CA12-4543-9115-BA7ACE772959}.Debug|Any CPU.Build.0 = Debug|Any CPU
		{40666A4A-CA12-4543-9115-BA7ACE772959}.Debug|Any CPU.Deploy.0 = Debug|Any CPU
		{40666A4A-CA12-4543-9115-BA7ACE772959}.Release|Any CPU.ActiveCfg = Release|Any CPU
		{40666A4A-CA12-4543-9115-BA7ACE772959}.Release|Any CPU.Build.0 = Release|Any CPU
		{40666A4A-CA12-4543-9115-BA7ACE772959}.Release|Any CPU.Deploy.0 = Release|Any CPU
		{3BAE6F18-8C3A-414B-8AE2-D12166F17298}.Debug|Any CPU.ActiveCfg = Debug|Any CPU
		{3BAE6F18-8C3A-414B-8AE2-D12166F17298}.Debug|Any CPU.Build.0 = Debug|Any CPU
		{3BAE6F18-8C3A-414B-8AE2-D12166F17298}.Release|Any CPU.ActiveCfg = Release|Any CPU
		{3BAE6F18-8C3A-414B-8AE2-D12166F17298}.Release|Any CPU.Build.0 = Release|Any CPU
	EndGlobalSection
	GlobalSection(SolutionProperties) = preSolution
		HideSolutionNode = FALSE
	EndGlobalSection
	GlobalSection(ExtensibilityGlobals) = postSolution
		SolutionGuid = {67D1C708-A888-4428-8D47-6B4F5C77B6BF}
	EndGlobalSection
EndGlobal
