
Microsoft Visual Studio Solution File, Format Version 12.00
# Visual Studio 15
VisualStudioVersion = 15.0.28307.539
MinimumVisualStudioVersion = 10.0.40219.1
Project("{FAE04EC0-301F-11D3-BF4B-00C04F79EFBC}") = "PeoplePro", "PeoplePro\PeoplePro.csproj", "{026257BA-E52B-49B6-AB01-31065C15A92D}"
EndProject
Project("{FAE04EC0-301F-11D3-BF4B-00C04F79EFBC}") = "PeoplePro.Tests", "PeoplePro.Tests\PeoplePro.Tests.csproj", "{4468AC59-C27B-4299-89C7-C0149A8E1E92}"
	ProjectSection(ProjectDependencies) = postProject
		{026257BA-E52B-49B6-AB01-31065C15A92D} = {026257BA-E52B-49B6-AB01-31065C15A92D}
	EndProjectSection
EndProject
Global
	GlobalSection(SolutionConfigurationPlatforms) = preSolution
		Debug|Any CPU = Debug|Any CPU
		Release|Any CPU = Release|Any CPU
	EndGlobalSection
	GlobalSection(ProjectConfigurationPlatforms) = postSolution
		{026257BA-E52B-49B6-AB01-31065C15A92D}.Debug|Any CPU.ActiveCfg = Debug|Any CPU
		{026257BA-E52B-49B6-AB01-31065C15A92D}.Debug|Any CPU.Build.0 = Debug|Any CPU
		{026257BA-E52B-49B6-AB01-31065C15A92D}.Release|Any CPU.ActiveCfg = Release|Any CPU
		{026257BA-E52B-49B6-AB01-31065C15A92D}.Release|Any CPU.Build.0 = Release|Any CPU
		{4468AC59-C27B-4299-89C7-C0149A8E1E92}.Debug|Any CPU.ActiveCfg = Debug|Any CPU
		{4468AC59-C27B-4299-89C7-C0149A8E1E92}.Debug|Any CPU.Build.0 = Debug|Any CPU
		{4468AC59-C27B-4299-89C7-C0149A8E1E92}.Release|Any CPU.ActiveCfg = Release|Any CPU
		{4468AC59-C27B-4299-89C7-C0149A8E1E92}.Release|Any CPU.Build.0 = Release|Any CPU
	EndGlobalSection
	GlobalSection(SolutionProperties) = preSolution
		HideSolutionNode = FALSE
	EndGlobalSection
	GlobalSection(ExtensibilityGlobals) = postSolution
		SolutionGuid = {EA5FFD98-0A1B-4950-A79C-112E2E15F1DB}
	EndGlobalSection
EndGlobal
