
Microsoft Visual Studio Solution File, Format Version 12.00
# Visual Studio 15
VisualStudioVersion = 15.0.27130.2010
MinimumVisualStudioVersion = 10.0.40219.1
Project("{FAE04EC0-301F-11D3-BF4B-00C04F79EFBC}") = "DatabaseSite", "DatabaseSite\DatabaseSite.csproj", "{904DAB25-618E-4C37-A9F5-3E485AEA2864}"
EndProject
Project("{FAE04EC0-301F-11D3-BF4B-00C04F79EFBC}") = "DatabaseSiteTests", "DatabaseSiteTests1\DatabaseSiteTests.csproj", "{A5D1092B-5A05-4B56-8248-F87F27608006}"
EndProject
Global
	GlobalSection(SolutionConfigurationPlatforms) = preSolution
		Debug|Any CPU = Debug|Any CPU
		Release|Any CPU = Release|Any CPU
	EndGlobalSection
	GlobalSection(ProjectConfigurationPlatforms) = postSolution
		{904DAB25-618E-4C37-A9F5-3E485AEA2864}.Debug|Any CPU.ActiveCfg = Debug|Any CPU
		{904DAB25-618E-4C37-A9F5-3E485AEA2864}.Debug|Any CPU.Build.0 = Debug|Any CPU
		{904DAB25-618E-4C37-A9F5-3E485AEA2864}.Release|Any CPU.ActiveCfg = Release|Any CPU
		{904DAB25-618E-4C37-A9F5-3E485AEA2864}.Release|Any CPU.Build.0 = Release|Any CPU
		{A5D1092B-5A05-4B56-8248-F87F27608006}.Debug|Any CPU.ActiveCfg = Debug|Any CPU
		{A5D1092B-5A05-4B56-8248-F87F27608006}.Debug|Any CPU.Build.0 = Debug|Any CPU
		{A5D1092B-5A05-4B56-8248-F87F27608006}.Release|Any CPU.ActiveCfg = Release|Any CPU
		{A5D1092B-5A05-4B56-8248-F87F27608006}.Release|Any CPU.Build.0 = Release|Any CPU
	EndGlobalSection
	GlobalSection(SolutionProperties) = preSolution
		HideSolutionNode = FALSE
	EndGlobalSection
	GlobalSection(ExtensibilityGlobals) = postSolution
		SolutionGuid = {0FC7ECA0-DAEB-4179-9D88-F3B55627CAA6}
	EndGlobalSection
EndGlobal
